
Microsoft Visual Studio Solution File, Format Version 12.00
# Visual Studio Version 17
VisualStudioVersion = 17.1.32421.90
MinimumVisualStudioVersion = 10.0.40219.1
Project("{FAE04EC0-301F-11D3-BF4B-00C04F79EFBC}") = "ControleDeTarefas", "ControleDeTarefas\ControleDeTarefas.csproj", "{B6BB0D9A-95C6-4208-B683-E9B6BC34E1B3}"
EndProject
Global
	GlobalSection(SolutionConfigurationPlatforms) = preSolution
		Debug|Any CPU = Debug|Any CPU
		Release|Any CPU = Release|Any CPU
	EndGlobalSection
	GlobalSection(ProjectConfigurationPlatforms) = postSolution
		{B6BB0D9A-95C6-4208-B683-E9B6BC34E1B3}.Debug|Any CPU.ActiveCfg = Debug|Any CPU
		{B6BB0D9A-95C6-4208-B683-E9B6BC34E1B3}.Debug|Any CPU.Build.0 = Debug|Any CPU
		{B6BB0D9A-95C6-4208-B683-E9B6BC34E1B3}.Release|Any CPU.ActiveCfg = Release|Any CPU
		{B6BB0D9A-95C6-4208-B683-E9B6BC34E1B3}.Release|Any CPU.Build.0 = Release|Any CPU
	EndGlobalSection
	GlobalSection(SolutionProperties) = preSolution
		HideSolutionNode = FALSE
	EndGlobalSection
	GlobalSection(ExtensibilityGlobals) = postSolution
		SolutionGuid = {8A63754A-7670-460E-A00C-2A4297C96720}
	EndGlobalSection
EndGlobal
